{
  "name": "am-wedding-vercel",
  "lockfileVersion": 3,
  "requires": true,
  "packages": {
    "": {
      "name": "am-wedding-vercel",
      "dependencies": {
        "@libphp/amazon-linux-2-v83": "0.0.14"
      }
    },
    "node_modules/@libphp/amazon-linux-2-v83": {
      "version": "0.0.14",
      "resolved": "https://registry.npmjs.org/@libphp/amazon-linux-2-v83/-/amazon-linux-2-v83-0.0.14.tgz",
      "integrity": "sha512-afJiV0LATlekq/Lzc11qjVrE3tB26kLwD3DkZ2jnmSSgpQsCaDzIwAMeNxkP7zd75PBsg8NyHYb5/tSawG159w==",
      "license": "MIT"
    }
  }
}
